
Microsoft Visual Studio Solution File, Format Version 12.00
# Visual Studio 15
VisualStudioVersion = 15.0.27130.2026
MinimumVisualStudioVersion = 10.0.40219.1
Project("{8BC9CEB8-8B4A-11D0-8D11-00A0C91BC942}") = "NetworkPrograming_TelnetServer", "NetworkPrograming_TelnetServer\NetworkPrograming_TelnetServer.vcxproj", "{2012A8FA-5CFB-4165-878A-C5B08CA53E9F}"
EndProject
Global
	GlobalSection(SolutionConfigurationPlatforms) = preSolution
		Debug|x64 = Debug|x64
		Debug|x86 = Debug|x86
		Release|x64 = Release|x64
		Release|x86 = Release|x86
	EndGlobalSection
	GlobalSection(ProjectConfigurationPlatforms) = postSolution
		{2012A8FA-5CFB-4165-878A-C5B08CA53E9F}.Debug|x64.ActiveCfg = Debug|x64
		{2012A8FA-5CFB-4165-878A-C5B08CA53E9F}.Debug|x64.Build.0 = Debug|x64
		{2012A8FA-5CFB-4165-878A-C5B08CA53E9F}.Debug|x86.ActiveCfg = Debug|Win32
		{2012A8FA-5CFB-4165-878A-C5B08CA53E9F}.Debug|x86.Build.0 = Debug|Win32
		{2012A8FA-5CFB-4165-878A-C5B08CA53E9F}.Release|x64.ActiveCfg = Release|x64
		{2012A8FA-5CFB-4165-878A-C5B08CA53E9F}.Release|x64.Build.0 = Release|x64
		{2012A8FA-5CFB-4165-878A-C5B08CA53E9F}.Release|x86.ActiveCfg = Release|Win32
		{2012A8FA-5CFB-4165-878A-C5B08CA53E9F}.Release|x86.Build.0 = Release|Win32
	EndGlobalSection
	GlobalSection(SolutionProperties) = preSolution
		HideSolutionNode = FALSE
	EndGlobalSection
	GlobalSection(ExtensibilityGlobals) = postSolution
		SolutionGuid = {D50CE9DF-F721-439F-B2F0-9913DDA17D38}
	EndGlobalSection
EndGlobal
