
Microsoft Visual Studio Solution File, Format Version 12.00
# Visual Studio 15
VisualStudioVersion = 15.0.27130.2026
MinimumVisualStudioVersion = 10.0.40219.1
Project("{8BC9CEB8-8B4A-11D0-8D11-00A0C91BC942}") = "ChatServerUsingWSAAS", "ChatServerUsingWSAAS\ChatServerUsingWSAAS.vcxproj", "{26BDEB51-614E-4983-99CB-26387D0C88D5}"
EndProject
Project("{8BC9CEB8-8B4A-11D0-8D11-00A0C91BC942}") = "TelnetServerUsingWSAAS", "TelnetServerUsingWSAAS\TelnetServerUsingWSAAS.vcxproj", "{70D57BD6-E610-4021-AD00-361E5F671D74}"
EndProject
Global
	GlobalSection(SolutionConfigurationPlatforms) = preSolution
		Debug|x64 = Debug|x64
		Debug|x86 = Debug|x86
		Release|x64 = Release|x64
		Release|x86 = Release|x86
	EndGlobalSection
	GlobalSection(ProjectConfigurationPlatforms) = postSolution
		{26BDEB51-614E-4983-99CB-26387D0C88D5}.Debug|x64.ActiveCfg = Debug|x64
		{26BDEB51-614E-4983-99CB-26387D0C88D5}.Debug|x64.Build.0 = Debug|x64
		{26BDEB51-614E-4983-99CB-26387D0C88D5}.Debug|x86.ActiveCfg = Debug|Win32
		{26BDEB51-614E-4983-99CB-26387D0C88D5}.Debug|x86.Build.0 = Debug|Win32
		{26BDEB51-614E-4983-99CB-26387D0C88D5}.Release|x64.ActiveCfg = Release|x64
		{26BDEB51-614E-4983-99CB-26387D0C88D5}.Release|x64.Build.0 = Release|x64
		{26BDEB51-614E-4983-99CB-26387D0C88D5}.Release|x86.ActiveCfg = Release|Win32
		{26BDEB51-614E-4983-99CB-26387D0C88D5}.Release|x86.Build.0 = Release|Win32
		{70D57BD6-E610-4021-AD00-361E5F671D74}.Debug|x64.ActiveCfg = Debug|x64
		{70D57BD6-E610-4021-AD00-361E5F671D74}.Debug|x64.Build.0 = Debug|x64
		{70D57BD6-E610-4021-AD00-361E5F671D74}.Debug|x86.ActiveCfg = Debug|Win32
		{70D57BD6-E610-4021-AD00-361E5F671D74}.Debug|x86.Build.0 = Debug|Win32
		{70D57BD6-E610-4021-AD00-361E5F671D74}.Release|x64.ActiveCfg = Release|x64
		{70D57BD6-E610-4021-AD00-361E5F671D74}.Release|x64.Build.0 = Release|x64
		{70D57BD6-E610-4021-AD00-361E5F671D74}.Release|x86.ActiveCfg = Release|Win32
		{70D57BD6-E610-4021-AD00-361E5F671D74}.Release|x86.Build.0 = Release|Win32
	EndGlobalSection
	GlobalSection(SolutionProperties) = preSolution
		HideSolutionNode = FALSE
	EndGlobalSection
	GlobalSection(ExtensibilityGlobals) = postSolution
		SolutionGuid = {D943F5FD-4FB7-49D1-B6B0-42153E71992C}
	EndGlobalSection
EndGlobal
